
Microsoft Visual Studio Solution File, Format Version 12.00
# Visual Studio Version 17
VisualStudioVersion = 17.5.002.0
MinimumVisualStudioVersion = 10.0.40219.1
Project("{9A19103F-16F7-4668-BE54-9A1E7A4F7556}") = "Z10", "Z10\Z10.csproj", "{38D657FD-30D5-4CAD-A68B-4B9723549B84}"
EndProject
Global
	GlobalSection(SolutionConfigurationPlatforms) = preSolution
		Debug|Any CPU = Debug|Any CPU
		Release|Any CPU = Release|Any CPU
	EndGlobalSection
	GlobalSection(ProjectConfigurationPlatforms) = postSolution
		{38D657FD-30D5-4CAD-A68B-4B9723549B84}.Debug|Any CPU.ActiveCfg = Debug|Any CPU
		{38D657FD-30D5-4CAD-A68B-4B9723549B84}.Debug|Any CPU.Build.0 = Debug|Any CPU
		{38D657FD-30D5-4CAD-A68B-4B9723549B84}.Release|Any CPU.ActiveCfg = Release|Any CPU
		{38D657FD-30D5-4CAD-A68B-4B9723549B84}.Release|Any CPU.Build.0 = Release|Any CPU
	EndGlobalSection
	GlobalSection(SolutionProperties) = preSolution
		HideSolutionNode = FALSE
	EndGlobalSection
	GlobalSection(ExtensibilityGlobals) = postSolution
		SolutionGuid = {BC7A0CC3-6DD0-45A9-992A-86734372BDA0}
	EndGlobalSection
EndGlobal
